
Microsoft Visual Studio Solution File, Format Version 12.00
# Visual Studio Version 16
VisualStudioVersion = 16.0.29613.14
MinimumVisualStudioVersion = 10.0.40219.1
Project("{9A19103F-16F7-4668-BE54-9A1E7A4F7556}") = "UserManagement.DataAccess", "UserManagement.DataAccess\UserManagement.DataAccess.csproj", "{A2EE2F04-FECD-4FDE-AB67-1494E03CF908}"
EndProject
Project("{9A19103F-16F7-4668-BE54-9A1E7A4F7556}") = "UserManagement.Business", "UserManagement.Business\UserManagement.Business.csproj", "{8F3F7471-3BA8-4AE0-9E58-269C6D47A093}"
EndProject
Project("{9A19103F-16F7-4668-BE54-9A1E7A4F7556}") = "UserManagement", "UserManagement\UserManagement.csproj", "{6475410A-FE4A-40D2-84DE-CE672BF132B6}"
EndProject
Project("{9A19103F-16F7-4668-BE54-9A1E7A4F7556}") = "UserManagement.API", "UserManagement.API\UserManagement.API.csproj", "{59F41586-7756-4118-98C7-61D5F7362BA8}"
EndProject
Project("{9A19103F-16F7-4668-BE54-9A1E7A4F7556}") = "UserManagement.Tests", "UserManagement.Tests\UserManagement.Tests.csproj", "{F2DDC2ED-52D4-4B84-9FC9-C6839A92147F}"
EndProject
Project("{9A19103F-16F7-4668-BE54-9A1E7A4F7556}") = "UserManagment.UI", "UserManagment.UI\UserManagment.UI.csproj", "{5D2792D3-206D-4857-BA19-1834CB293E70}"
EndProject
Project("{9A19103F-16F7-4668-BE54-9A1E7A4F7556}") = "UserManagement.API.Tests", "UserManagement.API.Tests\UserManagement.API.Tests.csproj", "{48B70ECB-CA28-4F1D-A505-5AD9EBFEE538}"
EndProject
Project("{9A19103F-16F7-4668-BE54-9A1E7A4F7556}") = "UserManagement.Business.Tests", "UserManagement.Business.Tests\UserManagement.Business.Tests.csproj", "{2C79993B-8CB9-4BF4-9568-2ED560A6CC22}"
EndProject
Project("{9A19103F-16F7-4668-BE54-9A1E7A4F7556}") = "UserManagement.DataAccess.Tests", "UserManagement.DataAccess.Tests\UserManagement.DataAccess.Tests.csproj", "{6DAF4000-A210-42F0-9850-BB9B08C1D780}"
EndProject
Global
	GlobalSection(SolutionConfigurationPlatforms) = preSolution
		Debug|Any CPU = Debug|Any CPU
		Release|Any CPU = Release|Any CPU
	EndGlobalSection
	GlobalSection(ProjectConfigurationPlatforms) = postSolution
		{A2EE2F04-FECD-4FDE-AB67-1494E03CF908}.Debug|Any CPU.ActiveCfg = Debug|Any CPU
		{A2EE2F04-FECD-4FDE-AB67-1494E03CF908}.Debug|Any CPU.Build.0 = Debug|Any CPU
		{A2EE2F04-FECD-4FDE-AB67-1494E03CF908}.Release|Any CPU.ActiveCfg = Release|Any CPU
		{A2EE2F04-FECD-4FDE-AB67-1494E03CF908}.Release|Any CPU.Build.0 = Release|Any CPU
		{8F3F7471-3BA8-4AE0-9E58-269C6D47A093}.Debug|Any CPU.ActiveCfg = Debug|Any CPU
		{8F3F7471-3BA8-4AE0-9E58-269C6D47A093}.Debug|Any CPU.Build.0 = Debug|Any CPU
		{8F3F7471-3BA8-4AE0-9E58-269C6D47A093}.Release|Any CPU.ActiveCfg = Release|Any CPU
		{8F3F7471-3BA8-4AE0-9E58-269C6D47A093}.Release|Any CPU.Build.0 = Release|Any CPU
		{6475410A-FE4A-40D2-84DE-CE672BF132B6}.Debug|Any CPU.ActiveCfg = Debug|Any CPU
		{6475410A-FE4A-40D2-84DE-CE672BF132B6}.Debug|Any CPU.Build.0 = Debug|Any CPU
		{6475410A-FE4A-40D2-84DE-CE672BF132B6}.Release|Any CPU.ActiveCfg = Release|Any CPU
		{6475410A-FE4A-40D2-84DE-CE672BF132B6}.Release|Any CPU.Build.0 = Release|Any CPU
		{59F41586-7756-4118-98C7-61D5F7362BA8}.Debug|Any CPU.ActiveCfg = Debug|Any CPU
		{59F41586-7756-4118-98C7-61D5F7362BA8}.Debug|Any CPU.Build.0 = Debug|Any CPU
		{59F41586-7756-4118-98C7-61D5F7362BA8}.Release|Any CPU.ActiveCfg = Release|Any CPU
		{59F41586-7756-4118-98C7-61D5F7362BA8}.Release|Any CPU.Build.0 = Release|Any CPU
		{F2DDC2ED-52D4-4B84-9FC9-C6839A92147F}.Debug|Any CPU.ActiveCfg = Debug|Any CPU
		{F2DDC2ED-52D4-4B84-9FC9-C6839A92147F}.Debug|Any CPU.Build.0 = Debug|Any CPU
		{F2DDC2ED-52D4-4B84-9FC9-C6839A92147F}.Release|Any CPU.ActiveCfg = Release|Any CPU
		{F2DDC2ED-52D4-4B84-9FC9-C6839A92147F}.Release|Any CPU.Build.0 = Release|Any CPU
		{5D2792D3-206D-4857-BA19-1834CB293E70}.Debug|Any CPU.ActiveCfg = Debug|Any CPU
		{5D2792D3-206D-4857-BA19-1834CB293E70}.Debug|Any CPU.Build.0 = Debug|Any CPU
		{5D2792D3-206D-4857-BA19-1834CB293E70}.Release|Any CPU.ActiveCfg = Release|Any CPU
		{5D2792D3-206D-4857-BA19-1834CB293E70}.Release|Any CPU.Build.0 = Release|Any CPU
		{48B70ECB-CA28-4F1D-A505-5AD9EBFEE538}.Debug|Any CPU.ActiveCfg = Debug|Any CPU
		{48B70ECB-CA28-4F1D-A505-5AD9EBFEE538}.Debug|Any CPU.Build.0 = Debug|Any CPU
		{48B70ECB-CA28-4F1D-A505-5AD9EBFEE538}.Release|Any CPU.ActiveCfg = Release|Any CPU
		{48B70ECB-CA28-4F1D-A505-5AD9EBFEE538}.Release|Any CPU.Build.0 = Release|Any CPU
		{2C79993B-8CB9-4BF4-9568-2ED560A6CC22}.Debug|Any CPU.ActiveCfg = Debug|Any CPU
		{2C79993B-8CB9-4BF4-9568-2ED560A6CC22}.Debug|Any CPU.Build.0 = Debug|Any CPU
		{2C79993B-8CB9-4BF4-9568-2ED560A6CC22}.Release|Any CPU.ActiveCfg = Release|Any CPU
		{2C79993B-8CB9-4BF4-9568-2ED560A6CC22}.Release|Any CPU.Build.0 = Release|Any CPU
		{6DAF4000-A210-42F0-9850-BB9B08C1D780}.Debug|Any CPU.ActiveCfg = Debug|Any CPU
		{6DAF4000-A210-42F0-9850-BB9B08C1D780}.Debug|Any CPU.Build.0 = Debug|Any CPU
		{6DAF4000-A210-42F0-9850-BB9B08C1D780}.Release|Any CPU.ActiveCfg = Release|Any CPU
		{6DAF4000-A210-42F0-9850-BB9B08C1D780}.Release|Any CPU.Build.0 = Release|Any CPU
	EndGlobalSection
	GlobalSection(SolutionProperties) = preSolution
		HideSolutionNode = FALSE
	EndGlobalSection
	GlobalSection(ExtensibilityGlobals) = postSolution
		SolutionGuid = {EF7F1BA2-5B2E-49E0-9958-7031D966E266}
	EndGlobalSection
EndGlobal
